
Microsoft Visual Studio Solution File, Format Version 12.00
# Visual Studio Version 16
VisualStudioVersion = 16.0.30803.129
MinimumVisualStudioVersion = 10.0.40219.1
Project("{2150E333-8FDC-42A3-9474-1A3956D46DE8}") = "Web", "Web", "{EEF3E70A-6C32-44BB-B136-7558E1E2B148}"
EndProject
Project("{9A19103F-16F7-4668-BE54-9A1E7A4F7556}") = "CSICorp.Web.Client", "Web\CSICorp.Web.Client\CSICorp.Web.Client.csproj", "{5628D7DB-39D6-4166-9CE9-27E5BDBA0C4C}"
EndProject
Global
	GlobalSection(SolutionConfigurationPlatforms) = preSolution
		Debug|Any CPU = Debug|Any CPU
		Release|Any CPU = Release|Any CPU
	EndGlobalSection
	GlobalSection(ProjectConfigurationPlatforms) = postSolution
		{5628D7DB-39D6-4166-9CE9-27E5BDBA0C4C}.Debug|Any CPU.ActiveCfg = Debug|Any CPU
		{5628D7DB-39D6-4166-9CE9-27E5BDBA0C4C}.Debug|Any CPU.Build.0 = Debug|Any CPU
		{5628D7DB-39D6-4166-9CE9-27E5BDBA0C4C}.Release|Any CPU.ActiveCfg = Release|Any CPU
		{5628D7DB-39D6-4166-9CE9-27E5BDBA0C4C}.Release|Any CPU.Build.0 = Release|Any CPU
	EndGlobalSection
	GlobalSection(SolutionProperties) = preSolution
		HideSolutionNode = FALSE
	EndGlobalSection
	GlobalSection(NestedProjects) = preSolution
		{5628D7DB-39D6-4166-9CE9-27E5BDBA0C4C} = {EEF3E70A-6C32-44BB-B136-7558E1E2B148}
	EndGlobalSection
	GlobalSection(ExtensibilityGlobals) = postSolution
		SolutionGuid = {7BE0E5A6-05E7-41BC-8275-38AA5DD05513}
	EndGlobalSection
EndGlobal
